
Microsoft Visual Studio Solution File, Format Version 12.00
# Visual Studio Version 16
VisualStudioVersion = 16.0.29411.108
MinimumVisualStudioVersion = 10.0.40219.1
Project("{9A19103F-16F7-4668-BE54-9A1E7A4F7556}") = "StoneFruit", "StoneFruit\StoneFruit.csproj", "{FEFFBA16-C605-4801-8E59-27CDC0AB73DD}"
EndProject
Project("{9A19103F-16F7-4668-BE54-9A1E7A4F7556}") = "StoneFruit.Cli", "StoneFruit.Cli\StoneFruit.Cli.csproj", "{358D8E26-F81E-475E-9FBA-3060FFBA6E56}"
EndProject
Project("{9A19103F-16F7-4668-BE54-9A1E7A4F7556}") = "StoneFruit.StructureMap", "StoneFruit.StructureMap\StoneFruit.StructureMap.csproj", "{E8097812-505F-49BE-B404-044145B1280C}"
EndProject
Project("{FAE04EC0-301F-11D3-BF4B-00C04F79EFBC}") = "StoneFruit.Tests", "StoneFruit.Tests\StoneFruit.Tests.csproj", "{EB62CC40-2896-4F87-A6E5-44710BAD9FA1}"
EndProject
Global
	GlobalSection(SolutionConfigurationPlatforms) = preSolution
		Debug|Any CPU = Debug|Any CPU
		Release|Any CPU = Release|Any CPU
	EndGlobalSection
	GlobalSection(ProjectConfigurationPlatforms) = postSolution
		{FEFFBA16-C605-4801-8E59-27CDC0AB73DD}.Debug|Any CPU.ActiveCfg = Debug|Any CPU
		{FEFFBA16-C605-4801-8E59-27CDC0AB73DD}.Debug|Any CPU.Build.0 = Debug|Any CPU
		{FEFFBA16-C605-4801-8E59-27CDC0AB73DD}.Release|Any CPU.ActiveCfg = Release|Any CPU
		{FEFFBA16-C605-4801-8E59-27CDC0AB73DD}.Release|Any CPU.Build.0 = Release|Any CPU
		{358D8E26-F81E-475E-9FBA-3060FFBA6E56}.Debug|Any CPU.ActiveCfg = Debug|Any CPU
		{358D8E26-F81E-475E-9FBA-3060FFBA6E56}.Debug|Any CPU.Build.0 = Debug|Any CPU
		{358D8E26-F81E-475E-9FBA-3060FFBA6E56}.Release|Any CPU.ActiveCfg = Release|Any CPU
		{358D8E26-F81E-475E-9FBA-3060FFBA6E56}.Release|Any CPU.Build.0 = Release|Any CPU
		{E8097812-505F-49BE-B404-044145B1280C}.Debug|Any CPU.ActiveCfg = Debug|Any CPU
		{E8097812-505F-49BE-B404-044145B1280C}.Debug|Any CPU.Build.0 = Debug|Any CPU
		{E8097812-505F-49BE-B404-044145B1280C}.Release|Any CPU.ActiveCfg = Release|Any CPU
		{E8097812-505F-49BE-B404-044145B1280C}.Release|Any CPU.Build.0 = Release|Any CPU
		{EB62CC40-2896-4F87-A6E5-44710BAD9FA1}.Debug|Any CPU.ActiveCfg = Debug|Any CPU
		{EB62CC40-2896-4F87-A6E5-44710BAD9FA1}.Debug|Any CPU.Build.0 = Debug|Any CPU
		{EB62CC40-2896-4F87-A6E5-44710BAD9FA1}.Release|Any CPU.ActiveCfg = Release|Any CPU
		{EB62CC40-2896-4F87-A6E5-44710BAD9FA1}.Release|Any CPU.Build.0 = Release|Any CPU
	EndGlobalSection
	GlobalSection(SolutionProperties) = preSolution
		HideSolutionNode = FALSE
	EndGlobalSection
	GlobalSection(ExtensibilityGlobals) = postSolution
		SolutionGuid = {1C3F9AD9-B506-4995-9D1A-F855E1B280FA}
	EndGlobalSection
EndGlobal
