
Microsoft Visual Studio Solution File, Format Version 12.00
# Visual Studio Version 17
VisualStudioVersion = 17.0.32002.185
MinimumVisualStudioVersion = 10.0.40219.1
Project("{9A19103F-16F7-4668-BE54-9A1E7A4F7556}") = "StoneFruit", "StoneFruit\StoneFruit.csproj", "{FEFFBA16-C605-4801-8E59-27CDC0AB73DD}"
EndProject
Project("{9A19103F-16F7-4668-BE54-9A1E7A4F7556}") = "StoneFruit.Cli", "StoneFruit.Cli\StoneFruit.Cli.csproj", "{358D8E26-F81E-475E-9FBA-3060FFBA6E56}"
EndProject
Project("{9A19103F-16F7-4668-BE54-9A1E7A4F7556}") = "StoneFruit.Tests", "StoneFruit.Tests\StoneFruit.Tests.csproj", "{EB62CC40-2896-4F87-A6E5-44710BAD9FA1}"
EndProject
Project("{9A19103F-16F7-4668-BE54-9A1E7A4F7556}") = "StoneFruit.Containers.StructureMap", "StoneFruit.Containers.StructureMap\StoneFruit.Containers.StructureMap.csproj", "{EF5BC48B-3169-42B9-B622-A14F2900A8AE}"
EndProject
Project("{9A19103F-16F7-4668-BE54-9A1E7A4F7556}") = "StoneFruit.Containers.Lamar", "StoneFruit.Containers.Lamar\StoneFruit.Containers.Lamar.csproj", "{3195C070-122B-4D4C-BA1D-855BEAB6BA16}"
EndProject
Project("{9A19103F-16F7-4668-BE54-9A1E7A4F7556}") = "StoneFruit.Containers.StructureMap.Tests", "StoneFruit.Containers.StructureMap.Tests\StoneFruit.Containers.StructureMap.Tests.csproj", "{110C4F3C-6CCA-475F-B7EE-687B82D4DBB5}"
EndProject
Project("{9A19103F-16F7-4668-BE54-9A1E7A4F7556}") = "StoneFruit.Containers.Lamar.Tests", "StoneFruit.Containers.Lamar.Tests\StoneFruit.Containers.Lamar.Tests.csproj", "{A1BCF0B5-2956-4B42-8FA1-C32914B5F7CB}"
EndProject
Project("{2150E333-8FDC-42A3-9474-1A3956D46DE8}") = "Utility", "Utility", "{9D2EB7CA-4C3D-4D2B-AC90-6F9DA5FA21B1}"
EndProject
Project("{9A19103F-16F7-4668-BE54-9A1E7A4F7556}") = "TestUtilities", "TestUtilities\TestUtilities.csproj", "{DE356F6C-E062-4BF1-B3F5-250E51C4BADE}"
EndProject
Project("{9A19103F-16F7-4668-BE54-9A1E7A4F7556}") = "StoneFruit.Utilities", "StoneFruit.Utilities\StoneFruit.Utilities.csproj", "{533164EF-C5B2-403A-B646-9B9B8672944B}"
EndProject
Project("{9A19103F-16F7-4668-BE54-9A1E7A4F7556}") = "StoneFruit.Containers.Unity", "StoneFruit.Containers.Unity\StoneFruit.Containers.Unity.csproj", "{6F3BFE3D-E9E4-4B49-80D6-7666E4E54E7E}"
EndProject
Project("{9A19103F-16F7-4668-BE54-9A1E7A4F7556}") = "StoneFruit.Containers.Unity.Tests", "StoneFruit.Containers.Unity.Tests\StoneFruit.Containers.Unity.Tests.csproj", "{39F30584-26EF-481E-A469-DDBC45F4EF00}"
EndProject
Project("{9A19103F-16F7-4668-BE54-9A1E7A4F7556}") = "StoneFruit.Containers.Autofac", "StoneFruit.Containers.Autofac\StoneFruit.Containers.Autofac.csproj", "{2021CDF3-8EBB-4D0F-A1F8-4F7D7719B789}"
EndProject
Project("{9A19103F-16F7-4668-BE54-9A1E7A4F7556}") = "StoneFruit.Containers.Autofac.Tests", "StoneFruit.Containers.Autofac.Tests\StoneFruit.Containers.Autofac.Tests.csproj", "{BB0415FD-8DC7-4C26-B093-28551FC03FAD}"
EndProject
Project("{2150E333-8FDC-42A3-9474-1A3956D46DE8}") = "Solution Items", "Solution Items", "{FD4D52DA-932C-4DFB-B65A-3A898C959185}"
	ProjectSection(SolutionItems) = preProject
		ARCHITECTURE.md = ARCHITECTURE.md
		Directory.Build.props = Directory.Build.props
		..\README.md = ..\README.md
		stylecop.json = stylecop.json
		StyleCop.ruleset = StyleCop.ruleset
	EndProjectSection
EndProject
Project("{2150E333-8FDC-42A3-9474-1A3956D46DE8}") = "Containers", "Containers", "{39E3A1BC-3612-4C49-ACD5-53B876B896BB}"
EndProject
Project("{2150E333-8FDC-42A3-9474-1A3956D46DE8}") = "Tests", "Tests", "{651D19FA-9799-47D9-BD5D-8601DC2AF462}"
EndProject
Project("{FAE04EC0-301F-11D3-BF4B-00C04F79EFBC}") = "StoneFruit.Hosting", "StoneFruit.Hosting\StoneFruit.Hosting.csproj", "{268953B9-6F76-40B1-AC9A-277C280F4C06}"
EndProject
Global
	GlobalSection(SolutionConfigurationPlatforms) = preSolution
		Debug|Any CPU = Debug|Any CPU
		Release|Any CPU = Release|Any CPU
	EndGlobalSection
	GlobalSection(ProjectConfigurationPlatforms) = postSolution
		{FEFFBA16-C605-4801-8E59-27CDC0AB73DD}.Debug|Any CPU.ActiveCfg = Debug|Any CPU
		{FEFFBA16-C605-4801-8E59-27CDC0AB73DD}.Debug|Any CPU.Build.0 = Debug|Any CPU
		{FEFFBA16-C605-4801-8E59-27CDC0AB73DD}.Release|Any CPU.ActiveCfg = Release|Any CPU
		{FEFFBA16-C605-4801-8E59-27CDC0AB73DD}.Release|Any CPU.Build.0 = Release|Any CPU
		{358D8E26-F81E-475E-9FBA-3060FFBA6E56}.Debug|Any CPU.ActiveCfg = Debug|Any CPU
		{358D8E26-F81E-475E-9FBA-3060FFBA6E56}.Debug|Any CPU.Build.0 = Debug|Any CPU
		{358D8E26-F81E-475E-9FBA-3060FFBA6E56}.Release|Any CPU.ActiveCfg = Release|Any CPU
		{358D8E26-F81E-475E-9FBA-3060FFBA6E56}.Release|Any CPU.Build.0 = Release|Any CPU
		{EB62CC40-2896-4F87-A6E5-44710BAD9FA1}.Debug|Any CPU.ActiveCfg = Debug|Any CPU
		{EB62CC40-2896-4F87-A6E5-44710BAD9FA1}.Debug|Any CPU.Build.0 = Debug|Any CPU
		{EB62CC40-2896-4F87-A6E5-44710BAD9FA1}.Release|Any CPU.ActiveCfg = Release|Any CPU
		{EB62CC40-2896-4F87-A6E5-44710BAD9FA1}.Release|Any CPU.Build.0 = Release|Any CPU
		{EF5BC48B-3169-42B9-B622-A14F2900A8AE}.Debug|Any CPU.ActiveCfg = Debug|Any CPU
		{EF5BC48B-3169-42B9-B622-A14F2900A8AE}.Debug|Any CPU.Build.0 = Debug|Any CPU
		{EF5BC48B-3169-42B9-B622-A14F2900A8AE}.Release|Any CPU.ActiveCfg = Release|Any CPU
		{EF5BC48B-3169-42B9-B622-A14F2900A8AE}.Release|Any CPU.Build.0 = Release|Any CPU
		{3195C070-122B-4D4C-BA1D-855BEAB6BA16}.Debug|Any CPU.ActiveCfg = Debug|Any CPU
		{3195C070-122B-4D4C-BA1D-855BEAB6BA16}.Debug|Any CPU.Build.0 = Debug|Any CPU
		{3195C070-122B-4D4C-BA1D-855BEAB6BA16}.Release|Any CPU.ActiveCfg = Release|Any CPU
		{3195C070-122B-4D4C-BA1D-855BEAB6BA16}.Release|Any CPU.Build.0 = Release|Any CPU
		{110C4F3C-6CCA-475F-B7EE-687B82D4DBB5}.Debug|Any CPU.ActiveCfg = Debug|Any CPU
		{110C4F3C-6CCA-475F-B7EE-687B82D4DBB5}.Debug|Any CPU.Build.0 = Debug|Any CPU
		{110C4F3C-6CCA-475F-B7EE-687B82D4DBB5}.Release|Any CPU.ActiveCfg = Release|Any CPU
		{110C4F3C-6CCA-475F-B7EE-687B82D4DBB5}.Release|Any CPU.Build.0 = Release|Any CPU
		{A1BCF0B5-2956-4B42-8FA1-C32914B5F7CB}.Debug|Any CPU.ActiveCfg = Debug|Any CPU
		{A1BCF0B5-2956-4B42-8FA1-C32914B5F7CB}.Debug|Any CPU.Build.0 = Debug|Any CPU
		{A1BCF0B5-2956-4B42-8FA1-C32914B5F7CB}.Release|Any CPU.ActiveCfg = Release|Any CPU
		{A1BCF0B5-2956-4B42-8FA1-C32914B5F7CB}.Release|Any CPU.Build.0 = Release|Any CPU
		{DE356F6C-E062-4BF1-B3F5-250E51C4BADE}.Debug|Any CPU.ActiveCfg = Debug|Any CPU
		{DE356F6C-E062-4BF1-B3F5-250E51C4BADE}.Debug|Any CPU.Build.0 = Debug|Any CPU
		{DE356F6C-E062-4BF1-B3F5-250E51C4BADE}.Release|Any CPU.ActiveCfg = Release|Any CPU
		{DE356F6C-E062-4BF1-B3F5-250E51C4BADE}.Release|Any CPU.Build.0 = Release|Any CPU
		{533164EF-C5B2-403A-B646-9B9B8672944B}.Debug|Any CPU.ActiveCfg = Debug|Any CPU
		{533164EF-C5B2-403A-B646-9B9B8672944B}.Debug|Any CPU.Build.0 = Debug|Any CPU
		{533164EF-C5B2-403A-B646-9B9B8672944B}.Release|Any CPU.ActiveCfg = Release|Any CPU
		{533164EF-C5B2-403A-B646-9B9B8672944B}.Release|Any CPU.Build.0 = Release|Any CPU
		{6F3BFE3D-E9E4-4B49-80D6-7666E4E54E7E}.Debug|Any CPU.ActiveCfg = Debug|Any CPU
		{6F3BFE3D-E9E4-4B49-80D6-7666E4E54E7E}.Debug|Any CPU.Build.0 = Debug|Any CPU
		{6F3BFE3D-E9E4-4B49-80D6-7666E4E54E7E}.Release|Any CPU.ActiveCfg = Release|Any CPU
		{6F3BFE3D-E9E4-4B49-80D6-7666E4E54E7E}.Release|Any CPU.Build.0 = Release|Any CPU
		{39F30584-26EF-481E-A469-DDBC45F4EF00}.Debug|Any CPU.ActiveCfg = Debug|Any CPU
		{39F30584-26EF-481E-A469-DDBC45F4EF00}.Debug|Any CPU.Build.0 = Debug|Any CPU
		{39F30584-26EF-481E-A469-DDBC45F4EF00}.Release|Any CPU.ActiveCfg = Release|Any CPU
		{39F30584-26EF-481E-A469-DDBC45F4EF00}.Release|Any CPU.Build.0 = Release|Any CPU
		{2021CDF3-8EBB-4D0F-A1F8-4F7D7719B789}.Debug|Any CPU.ActiveCfg = Debug|Any CPU
		{2021CDF3-8EBB-4D0F-A1F8-4F7D7719B789}.Debug|Any CPU.Build.0 = Debug|Any CPU
		{2021CDF3-8EBB-4D0F-A1F8-4F7D7719B789}.Release|Any CPU.ActiveCfg = Release|Any CPU
		{2021CDF3-8EBB-4D0F-A1F8-4F7D7719B789}.Release|Any CPU.Build.0 = Release|Any CPU
		{BB0415FD-8DC7-4C26-B093-28551FC03FAD}.Debug|Any CPU.ActiveCfg = Debug|Any CPU
		{BB0415FD-8DC7-4C26-B093-28551FC03FAD}.Debug|Any CPU.Build.0 = Debug|Any CPU
		{BB0415FD-8DC7-4C26-B093-28551FC03FAD}.Release|Any CPU.ActiveCfg = Release|Any CPU
		{BB0415FD-8DC7-4C26-B093-28551FC03FAD}.Release|Any CPU.Build.0 = Release|Any CPU
		{268953B9-6F76-40B1-AC9A-277C280F4C06}.Debug|Any CPU.ActiveCfg = Debug|Any CPU
		{268953B9-6F76-40B1-AC9A-277C280F4C06}.Debug|Any CPU.Build.0 = Debug|Any CPU
		{268953B9-6F76-40B1-AC9A-277C280F4C06}.Release|Any CPU.ActiveCfg = Release|Any CPU
		{268953B9-6F76-40B1-AC9A-277C280F4C06}.Release|Any CPU.Build.0 = Release|Any CPU
	EndGlobalSection
	GlobalSection(SolutionProperties) = preSolution
		HideSolutionNode = FALSE
	EndGlobalSection
	GlobalSection(NestedProjects) = preSolution
		{358D8E26-F81E-475E-9FBA-3060FFBA6E56} = {9D2EB7CA-4C3D-4D2B-AC90-6F9DA5FA21B1}
		{EF5BC48B-3169-42B9-B622-A14F2900A8AE} = {39E3A1BC-3612-4C49-ACD5-53B876B896BB}
		{3195C070-122B-4D4C-BA1D-855BEAB6BA16} = {39E3A1BC-3612-4C49-ACD5-53B876B896BB}
		{110C4F3C-6CCA-475F-B7EE-687B82D4DBB5} = {651D19FA-9799-47D9-BD5D-8601DC2AF462}
		{A1BCF0B5-2956-4B42-8FA1-C32914B5F7CB} = {651D19FA-9799-47D9-BD5D-8601DC2AF462}
		{DE356F6C-E062-4BF1-B3F5-250E51C4BADE} = {9D2EB7CA-4C3D-4D2B-AC90-6F9DA5FA21B1}
		{533164EF-C5B2-403A-B646-9B9B8672944B} = {9D2EB7CA-4C3D-4D2B-AC90-6F9DA5FA21B1}
		{6F3BFE3D-E9E4-4B49-80D6-7666E4E54E7E} = {39E3A1BC-3612-4C49-ACD5-53B876B896BB}
		{39F30584-26EF-481E-A469-DDBC45F4EF00} = {651D19FA-9799-47D9-BD5D-8601DC2AF462}
		{2021CDF3-8EBB-4D0F-A1F8-4F7D7719B789} = {39E3A1BC-3612-4C49-ACD5-53B876B896BB}
		{BB0415FD-8DC7-4C26-B093-28551FC03FAD} = {651D19FA-9799-47D9-BD5D-8601DC2AF462}
		{651D19FA-9799-47D9-BD5D-8601DC2AF462} = {39E3A1BC-3612-4C49-ACD5-53B876B896BB}
	EndGlobalSection
	GlobalSection(ExtensibilityGlobals) = postSolution
		SolutionGuid = {1C3F9AD9-B506-4995-9D1A-F855E1B280FA}
	EndGlobalSection
EndGlobal
