
Microsoft Visual Studio Solution File, Format Version 12.00
# Visual Studio Version 17
VisualStudioVersion = 17.0.32002.185
MinimumVisualStudioVersion = 10.0.40219.1
Project("{9A19103F-16F7-4668-BE54-9A1E7A4F7556}") = "StoneFruit", "StoneFruit\StoneFruit.csproj", "{FEFFBA16-C605-4801-8E59-27CDC0AB73DD}"
EndProject
Project("{9A19103F-16F7-4668-BE54-9A1E7A4F7556}") = "StoneFruit.Cli", "StoneFruit.Cli\StoneFruit.Cli.csproj", "{358D8E26-F81E-475E-9FBA-3060FFBA6E56}"
EndProject
Project("{9A19103F-16F7-4668-BE54-9A1E7A4F7556}") = "StoneFruit.Tests", "StoneFruit.Tests\StoneFruit.Tests.csproj", "{EB62CC40-2896-4F87-A6E5-44710BAD9FA1}"
EndProject
Project("{2150E333-8FDC-42A3-9474-1A3956D46DE8}") = "Utility", "Utility", "{9D2EB7CA-4C3D-4D2B-AC90-6F9DA5FA21B1}"
EndProject
Project("{9A19103F-16F7-4668-BE54-9A1E7A4F7556}") = "TestUtilities", "TestUtilities\TestUtilities.csproj", "{DE356F6C-E062-4BF1-B3F5-250E51C4BADE}"
EndProject
Project("{2150E333-8FDC-42A3-9474-1A3956D46DE8}") = "Solution Items", "Solution Items", "{FD4D52DA-932C-4DFB-B65A-3A898C959185}"
	ProjectSection(SolutionItems) = preProject
		.editorconfig = .editorconfig
		ARCHITECTURE.md = ARCHITECTURE.md
		Directory.Build.props = Directory.Build.props
		..\README.md = ..\README.md
		stylecop.json = stylecop.json
		StyleCop.ruleset = StyleCop.ruleset
	EndProjectSection
EndProject
Project("{2150E333-8FDC-42A3-9474-1A3956D46DE8}") = "Containers", "Containers", "{39E3A1BC-3612-4C49-ACD5-53B876B896BB}"
EndProject
Project("{2150E333-8FDC-42A3-9474-1A3956D46DE8}") = "Tests", "Tests", "{651D19FA-9799-47D9-BD5D-8601DC2AF462}"
EndProject
Project("{FAE04EC0-301F-11D3-BF4B-00C04F79EFBC}") = "StoneFruit.SpecTests", "StoneFruit.SpecTests\StoneFruit.SpecTests.csproj", "{62DDEA53-E825-46EE-BD67-FF38055D45F1}"
EndProject
Global
	GlobalSection(SolutionConfigurationPlatforms) = preSolution
		Debug|Any CPU = Debug|Any CPU
		Release|Any CPU = Release|Any CPU
	EndGlobalSection
	GlobalSection(ProjectConfigurationPlatforms) = postSolution
		{FEFFBA16-C605-4801-8E59-27CDC0AB73DD}.Debug|Any CPU.ActiveCfg = Debug|Any CPU
		{FEFFBA16-C605-4801-8E59-27CDC0AB73DD}.Debug|Any CPU.Build.0 = Debug|Any CPU
		{FEFFBA16-C605-4801-8E59-27CDC0AB73DD}.Release|Any CPU.ActiveCfg = Release|Any CPU
		{FEFFBA16-C605-4801-8E59-27CDC0AB73DD}.Release|Any CPU.Build.0 = Release|Any CPU
		{358D8E26-F81E-475E-9FBA-3060FFBA6E56}.Debug|Any CPU.ActiveCfg = Debug|Any CPU
		{358D8E26-F81E-475E-9FBA-3060FFBA6E56}.Debug|Any CPU.Build.0 = Debug|Any CPU
		{358D8E26-F81E-475E-9FBA-3060FFBA6E56}.Release|Any CPU.ActiveCfg = Release|Any CPU
		{358D8E26-F81E-475E-9FBA-3060FFBA6E56}.Release|Any CPU.Build.0 = Release|Any CPU
		{EB62CC40-2896-4F87-A6E5-44710BAD9FA1}.Debug|Any CPU.ActiveCfg = Debug|Any CPU
		{EB62CC40-2896-4F87-A6E5-44710BAD9FA1}.Debug|Any CPU.Build.0 = Debug|Any CPU
		{EB62CC40-2896-4F87-A6E5-44710BAD9FA1}.Release|Any CPU.ActiveCfg = Release|Any CPU
		{EB62CC40-2896-4F87-A6E5-44710BAD9FA1}.Release|Any CPU.Build.0 = Release|Any CPU
		{DE356F6C-E062-4BF1-B3F5-250E51C4BADE}.Debug|Any CPU.ActiveCfg = Debug|Any CPU
		{DE356F6C-E062-4BF1-B3F5-250E51C4BADE}.Debug|Any CPU.Build.0 = Debug|Any CPU
		{DE356F6C-E062-4BF1-B3F5-250E51C4BADE}.Release|Any CPU.ActiveCfg = Release|Any CPU
		{DE356F6C-E062-4BF1-B3F5-250E51C4BADE}.Release|Any CPU.Build.0 = Release|Any CPU
		{62DDEA53-E825-46EE-BD67-FF38055D45F1}.Debug|Any CPU.ActiveCfg = Debug|Any CPU
		{62DDEA53-E825-46EE-BD67-FF38055D45F1}.Debug|Any CPU.Build.0 = Debug|Any CPU
		{62DDEA53-E825-46EE-BD67-FF38055D45F1}.Release|Any CPU.ActiveCfg = Release|Any CPU
		{62DDEA53-E825-46EE-BD67-FF38055D45F1}.Release|Any CPU.Build.0 = Release|Any CPU
	EndGlobalSection
	GlobalSection(SolutionProperties) = preSolution
		HideSolutionNode = FALSE
	EndGlobalSection
	GlobalSection(NestedProjects) = preSolution
		{358D8E26-F81E-475E-9FBA-3060FFBA6E56} = {9D2EB7CA-4C3D-4D2B-AC90-6F9DA5FA21B1}
		{DE356F6C-E062-4BF1-B3F5-250E51C4BADE} = {9D2EB7CA-4C3D-4D2B-AC90-6F9DA5FA21B1}
		{651D19FA-9799-47D9-BD5D-8601DC2AF462} = {39E3A1BC-3612-4C49-ACD5-53B876B896BB}
	EndGlobalSection
	GlobalSection(ExtensibilityGlobals) = postSolution
		SolutionGuid = {1C3F9AD9-B506-4995-9D1A-F855E1B280FA}
	EndGlobalSection
EndGlobal
